{
  "name": "best-agent-benchmarks",
  "version": "0.1.0",
  "lockfileVersion": 3,
  "requires": true,
  "packages": {
    "": {
      "name": "best-agent-benchmarks",
      "version": "0.1.0",
      "dependencies": {
        "@best-agent/cli": "^0.0.3-beta.4"
      },
      "engines": {
        "node": ">=18"
      }
    },
    "node_modules/@best-agent/cli": {
      "version": "0.0.3-beta.4",
      "resolved": "https://registry.npmmirror.com/@best-agent/cli/-/cli-0.0.3-beta.4.tgz",
      "integrity": "sha512-/VWI9f5f1fMGqY086BMkz/HbHPZC4gOQ2OkfBVifBPrfpHApLEZSgbR8d5HalZcsnMVp7z+Ahg9gtxMT+3LVhA==",
      "bin": {
        "best-agent": "dist/launcher.js"
      },
      "engines": {
        "node": ">=24.15.0"
      },
      "optionalDependencies": {
        "@best-agent/cli-darwin-arm64": "0.0.3-beta.4"
      }
    }
  }
}
